
Microsoft Visual Studio Solution File, Format Version 12.00
# Visual Studio Version 16
VisualStudioVersion = 16.0.31729.503
MinimumVisualStudioVersion = 10.0.40219.1
Project("{9A19103F-16F7-4668-BE54-9A1E7A4F7556}") = "ExampleService.Api", "ExampleService.Api\ExampleService.Api.csproj", "{F987053C-1CA8-4A2C-8043-E20334B6DADD}"
EndProject
Global
	GlobalSection(SolutionConfigurationPlatforms) = preSolution
		Debug|Any CPU = Debug|Any CPU
		Release|Any CPU = Release|Any CPU
	EndGlobalSection
	GlobalSection(ProjectConfigurationPlatforms) = postSolution
		{F987053C-1CA8-4A2C-8043-E20334B6DADD}.Debug|Any CPU.ActiveCfg = Debug|Any CPU
		{F987053C-1CA8-4A2C-8043-E20334B6DADD}.Debug|Any CPU.Build.0 = Debug|Any CPU
		{F987053C-1CA8-4A2C-8043-E20334B6DADD}.Release|Any CPU.ActiveCfg = Release|Any CPU
		{F987053C-1CA8-4A2C-8043-E20334B6DADD}.Release|Any CPU.Build.0 = Release|Any CPU
	EndGlobalSection
	GlobalSection(SolutionProperties) = preSolution
		HideSolutionNode = FALSE
	EndGlobalSection
	GlobalSection(ExtensibilityGlobals) = postSolution
		SolutionGuid = {7A3F3FF7-7260-4A2C-8AD7-4FFF670C2FD7}
	EndGlobalSection
EndGlobal
